
Microsoft Visual Studio Solution File, Format Version 12.00
# Visual Studio 15
VisualStudioVersion = 15.0.27004.2005
MinimumVisualStudioVersion = 10.0.40219.1
Project("{FAE04EC0-301F-11D3-BF4B-00C04F79EFBC}") = "JQRegex_CLR", "Regex_CLR\JQRegex_CLR.csproj", "{3E549426-43A9-481B-A463-0B447E86F5BD}"
EndProject
Global
	GlobalSection(SolutionConfigurationPlatforms) = preSolution
		Debug|Any CPU = Debug|Any CPU
		Release|Any CPU = Release|Any CPU
	EndGlobalSection
	GlobalSection(ProjectConfigurationPlatforms) = postSolution
		{3E549426-43A9-481B-A463-0B447E86F5BD}.Debug|Any CPU.ActiveCfg = Debug|Any CPU
		{3E549426-43A9-481B-A463-0B447E86F5BD}.Debug|Any CPU.Build.0 = Debug|Any CPU
		{3E549426-43A9-481B-A463-0B447E86F5BD}.Release|Any CPU.ActiveCfg = Release|Any CPU
		{3E549426-43A9-481B-A463-0B447E86F5BD}.Release|Any CPU.Build.0 = Release|Any CPU
	EndGlobalSection
	GlobalSection(SolutionProperties) = preSolution
		HideSolutionNode = FALSE
	EndGlobalSection
	GlobalSection(ExtensibilityGlobals) = postSolution
		SolutionGuid = {8C393A63-7CA0-4F30-BBAD-B9FD5A162830}
	EndGlobalSection
EndGlobal
